
Microsoft Visual Studio Solution File, Format Version 12.00
# Visual Studio Version 16
VisualStudioVersion = 16.0.31005.135
MinimumVisualStudioVersion = 10.0.40219.1
Project("{9A19103F-16F7-4668-BE54-9A1E7A4F7556}") = "MailSender", "MailSender\MailSender.csproj", "{BC362C8B-7400-4CE6-AFD9-F1DD7A0F108D}"
EndProject
Project("{2150E333-8FDC-42A3-9474-1A3956D46DE8}") = "Tests", "Tests", "{0C167814-9ACD-452C-9983-C5E28C2102C1}"
EndProject
Project("{9A19103F-16F7-4668-BE54-9A1E7A4F7556}") = "TestConsole", "Tests\TestConsole\TestConsole.csproj", "{C3760EFD-8855-4676-9905-6712AC074446}"
EndProject
Project("{9A19103F-16F7-4668-BE54-9A1E7A4F7556}") = "TestWPF", "Tests\TestWPF\TestWPF.csproj", "{CA564FB1-2D27-43AC-9E5B-76CFB0FF0263}"
EndProject
Project("{9A19103F-16F7-4668-BE54-9A1E7A4F7556}") = "MailSender.lib", "MailSender.lib\MailSender.lib.csproj", "{1D602ED2-0178-4FD7-970A-7DBAFAAA4EC7}"
EndProject
Project("{9A19103F-16F7-4668-BE54-9A1E7A4F7556}") = "MailSender.Tests", "Tests\MailSender.Tests\MailSender.Tests.csproj", "{A363F04C-7127-41ED-BCD4-E1FC8818D375}"
EndProject
Project("{9A19103F-16F7-4668-BE54-9A1E7A4F7556}") = "MailSender.lib.Tests", "Tests\MailSender.lib.Tests\MailSender.lib.Tests.csproj", "{314969BF-CC1F-4803-9C3D-395F7E61DB6C}"
EndProject
Project("{2150E333-8FDC-42A3-9474-1A3956D46DE8}") = "lesson5", "lesson5", "{B90288DC-B170-4FB4-81D0-F5DF85F6DF32}"
EndProject
Project("{9A19103F-16F7-4668-BE54-9A1E7A4F7556}") = "FileGeneratorConsole", "Lesson5\FileGeneratorConsole\FileGeneratorConsole.csproj", "{8CCF2EB6-6C93-44EE-BB68-F613622FACE7}"
EndProject
Project("{9A19103F-16F7-4668-BE54-9A1E7A4F7556}") = "Task1", "Lesson5\Task1\Task1.csproj", "{9A8C7045-8FBD-4B70-A15E-7A408D73160F}"
EndProject
Project("{9A19103F-16F7-4668-BE54-9A1E7A4F7556}") = "Task2", "Lesson5\Task2\Task2.csproj", "{91A7F17A-40C2-4C97-9D6A-DAD1B8ADBC35}"
EndProject
Project("{2150E333-8FDC-42A3-9474-1A3956D46DE8}") = "lesson6", "lesson6", "{E085A1AD-C558-4889-AFBB-8B0927AA29C2}"
EndProject
Project("{9A19103F-16F7-4668-BE54-9A1E7A4F7556}") = "Task1", "Lesson6\Task1\Task1.csproj", "{BA7E523D-BE1C-4E43-A6A8-3108D178A7C0}"
EndProject
Project("{9A19103F-16F7-4668-BE54-9A1E7A4F7556}") = "Task2", "Lesson6\Task2\Task2.csproj", "{3AF4260F-A67F-45CC-83F2-EE800CCC4FA3}"
EndProject
Project("{9A19103F-16F7-4668-BE54-9A1E7A4F7556}") = "FilesGenerator", "Lesson6\FilesGenerator\FilesGenerator.csproj", "{1FCAC4C9-94C7-475C-BC79-7E1C9BEBB12F}"
EndProject
Project("{9A19103F-16F7-4668-BE54-9A1E7A4F7556}") = "MailSender.Raport", "MailSender.Raport\MailSender.Raport.csproj", "{D55F2F18-8181-4CEC-AFAC-C90CD11637A5}"
EndProject
Project("{2150E333-8FDC-42A3-9474-1A3956D46DE8}") = "lesson7", "lesson7", "{0B6CEB90-452C-48A9-8E44-3D754A10B198}"
EndProject
Project("{9A19103F-16F7-4668-BE54-9A1E7A4F7556}") = "Task3", "Lesson7\Task3\Task3.csproj", "{C8CE5866-CE3E-4BF2-9DDC-D10401D4173F}"
EndProject
Project("{9A19103F-16F7-4668-BE54-9A1E7A4F7556}") = "Task4", "Lesson7\Task4\Task4.csproj", "{B36AF479-4B6B-4897-B0A0-02678CFB5D37}"
EndProject
Project("{2150E333-8FDC-42A3-9474-1A3956D46DE8}") = "lesson8", "lesson8", "{EEAE4A2E-6B8B-4D6F-9D61-73E051ED4569}"
	ProjectSection(SolutionItems) = preProject
		Lesson8\Задание№1.jpg = Lesson8\Задание№1.jpg
	EndProjectSection
EndProject
Project("{FAE04EC0-301F-11D3-BF4B-00C04F79EFBC}") = "Task2", "Lesson8\Task2\Task2\Task2.csproj", "{791275CB-68CE-4E3E-A11E-103E1B1072F3}"
EndProject
Project("{FAE04EC0-301F-11D3-BF4B-00C04F79EFBC}") = "Task3", "Lesson8\Task3\Task3\Task3.csproj", "{10C4201E-43AC-4358-B8A6-F744F9A63C3A}"
EndProject
Global
	GlobalSection(SolutionConfigurationPlatforms) = preSolution
		Debug|Any CPU = Debug|Any CPU
		Release|Any CPU = Release|Any CPU
	EndGlobalSection
	GlobalSection(ProjectConfigurationPlatforms) = postSolution
		{BC362C8B-7400-4CE6-AFD9-F1DD7A0F108D}.Debug|Any CPU.ActiveCfg = Debug|Any CPU
		{BC362C8B-7400-4CE6-AFD9-F1DD7A0F108D}.Debug|Any CPU.Build.0 = Debug|Any CPU
		{BC362C8B-7400-4CE6-AFD9-F1DD7A0F108D}.Release|Any CPU.ActiveCfg = Release|Any CPU
		{BC362C8B-7400-4CE6-AFD9-F1DD7A0F108D}.Release|Any CPU.Build.0 = Release|Any CPU
		{C3760EFD-8855-4676-9905-6712AC074446}.Debug|Any CPU.ActiveCfg = Debug|Any CPU
		{C3760EFD-8855-4676-9905-6712AC074446}.Debug|Any CPU.Build.0 = Debug|Any CPU
		{C3760EFD-8855-4676-9905-6712AC074446}.Release|Any CPU.ActiveCfg = Release|Any CPU
		{C3760EFD-8855-4676-9905-6712AC074446}.Release|Any CPU.Build.0 = Release|Any CPU
		{CA564FB1-2D27-43AC-9E5B-76CFB0FF0263}.Debug|Any CPU.ActiveCfg = Debug|Any CPU
		{CA564FB1-2D27-43AC-9E5B-76CFB0FF0263}.Debug|Any CPU.Build.0 = Debug|Any CPU
		{CA564FB1-2D27-43AC-9E5B-76CFB0FF0263}.Release|Any CPU.ActiveCfg = Release|Any CPU
		{CA564FB1-2D27-43AC-9E5B-76CFB0FF0263}.Release|Any CPU.Build.0 = Release|Any CPU
		{1D602ED2-0178-4FD7-970A-7DBAFAAA4EC7}.Debug|Any CPU.ActiveCfg = Debug|Any CPU
		{1D602ED2-0178-4FD7-970A-7DBAFAAA4EC7}.Debug|Any CPU.Build.0 = Debug|Any CPU
		{1D602ED2-0178-4FD7-970A-7DBAFAAA4EC7}.Release|Any CPU.ActiveCfg = Release|Any CPU
		{1D602ED2-0178-4FD7-970A-7DBAFAAA4EC7}.Release|Any CPU.Build.0 = Release|Any CPU
		{A363F04C-7127-41ED-BCD4-E1FC8818D375}.Debug|Any CPU.ActiveCfg = Debug|Any CPU
		{A363F04C-7127-41ED-BCD4-E1FC8818D375}.Debug|Any CPU.Build.0 = Debug|Any CPU
		{A363F04C-7127-41ED-BCD4-E1FC8818D375}.Release|Any CPU.ActiveCfg = Release|Any CPU
		{A363F04C-7127-41ED-BCD4-E1FC8818D375}.Release|Any CPU.Build.0 = Release|Any CPU
		{314969BF-CC1F-4803-9C3D-395F7E61DB6C}.Debug|Any CPU.ActiveCfg = Debug|Any CPU
		{314969BF-CC1F-4803-9C3D-395F7E61DB6C}.Debug|Any CPU.Build.0 = Debug|Any CPU
		{314969BF-CC1F-4803-9C3D-395F7E61DB6C}.Release|Any CPU.ActiveCfg = Release|Any CPU
		{314969BF-CC1F-4803-9C3D-395F7E61DB6C}.Release|Any CPU.Build.0 = Release|Any CPU
		{8CCF2EB6-6C93-44EE-BB68-F613622FACE7}.Debug|Any CPU.ActiveCfg = Debug|Any CPU
		{8CCF2EB6-6C93-44EE-BB68-F613622FACE7}.Debug|Any CPU.Build.0 = Debug|Any CPU
		{8CCF2EB6-6C93-44EE-BB68-F613622FACE7}.Release|Any CPU.ActiveCfg = Release|Any CPU
		{8CCF2EB6-6C93-44EE-BB68-F613622FACE7}.Release|Any CPU.Build.0 = Release|Any CPU
		{9A8C7045-8FBD-4B70-A15E-7A408D73160F}.Debug|Any CPU.ActiveCfg = Debug|Any CPU
		{9A8C7045-8FBD-4B70-A15E-7A408D73160F}.Debug|Any CPU.Build.0 = Debug|Any CPU
		{9A8C7045-8FBD-4B70-A15E-7A408D73160F}.Release|Any CPU.ActiveCfg = Release|Any CPU
		{9A8C7045-8FBD-4B70-A15E-7A408D73160F}.Release|Any CPU.Build.0 = Release|Any CPU
		{91A7F17A-40C2-4C97-9D6A-DAD1B8ADBC35}.Debug|Any CPU.ActiveCfg = Debug|Any CPU
		{91A7F17A-40C2-4C97-9D6A-DAD1B8ADBC35}.Debug|Any CPU.Build.0 = Debug|Any CPU
		{91A7F17A-40C2-4C97-9D6A-DAD1B8ADBC35}.Release|Any CPU.ActiveCfg = Release|Any CPU
		{91A7F17A-40C2-4C97-9D6A-DAD1B8ADBC35}.Release|Any CPU.Build.0 = Release|Any CPU
		{BA7E523D-BE1C-4E43-A6A8-3108D178A7C0}.Debug|Any CPU.ActiveCfg = Debug|Any CPU
		{BA7E523D-BE1C-4E43-A6A8-3108D178A7C0}.Debug|Any CPU.Build.0 = Debug|Any CPU
		{BA7E523D-BE1C-4E43-A6A8-3108D178A7C0}.Release|Any CPU.ActiveCfg = Release|Any CPU
		{BA7E523D-BE1C-4E43-A6A8-3108D178A7C0}.Release|Any CPU.Build.0 = Release|Any CPU
		{3AF4260F-A67F-45CC-83F2-EE800CCC4FA3}.Debug|Any CPU.ActiveCfg = Debug|Any CPU
		{3AF4260F-A67F-45CC-83F2-EE800CCC4FA3}.Debug|Any CPU.Build.0 = Debug|Any CPU
		{3AF4260F-A67F-45CC-83F2-EE800CCC4FA3}.Release|Any CPU.ActiveCfg = Release|Any CPU
		{3AF4260F-A67F-45CC-83F2-EE800CCC4FA3}.Release|Any CPU.Build.0 = Release|Any CPU
		{1FCAC4C9-94C7-475C-BC79-7E1C9BEBB12F}.Debug|Any CPU.ActiveCfg = Debug|Any CPU
		{1FCAC4C9-94C7-475C-BC79-7E1C9BEBB12F}.Debug|Any CPU.Build.0 = Debug|Any CPU
		{1FCAC4C9-94C7-475C-BC79-7E1C9BEBB12F}.Release|Any CPU.ActiveCfg = Release|Any CPU
		{1FCAC4C9-94C7-475C-BC79-7E1C9BEBB12F}.Release|Any CPU.Build.0 = Release|Any CPU
		{D55F2F18-8181-4CEC-AFAC-C90CD11637A5}.Debug|Any CPU.ActiveCfg = Debug|Any CPU
		{D55F2F18-8181-4CEC-AFAC-C90CD11637A5}.Debug|Any CPU.Build.0 = Debug|Any CPU
		{D55F2F18-8181-4CEC-AFAC-C90CD11637A5}.Release|Any CPU.ActiveCfg = Release|Any CPU
		{D55F2F18-8181-4CEC-AFAC-C90CD11637A5}.Release|Any CPU.Build.0 = Release|Any CPU
		{C8CE5866-CE3E-4BF2-9DDC-D10401D4173F}.Debug|Any CPU.ActiveCfg = Debug|Any CPU
		{C8CE5866-CE3E-4BF2-9DDC-D10401D4173F}.Debug|Any CPU.Build.0 = Debug|Any CPU
		{C8CE5866-CE3E-4BF2-9DDC-D10401D4173F}.Release|Any CPU.ActiveCfg = Release|Any CPU
		{C8CE5866-CE3E-4BF2-9DDC-D10401D4173F}.Release|Any CPU.Build.0 = Release|Any CPU
		{B36AF479-4B6B-4897-B0A0-02678CFB5D37}.Debug|Any CPU.ActiveCfg = Debug|Any CPU
		{B36AF479-4B6B-4897-B0A0-02678CFB5D37}.Debug|Any CPU.Build.0 = Debug|Any CPU
		{B36AF479-4B6B-4897-B0A0-02678CFB5D37}.Release|Any CPU.ActiveCfg = Release|Any CPU
		{B36AF479-4B6B-4897-B0A0-02678CFB5D37}.Release|Any CPU.Build.0 = Release|Any CPU
		{791275CB-68CE-4E3E-A11E-103E1B1072F3}.Debug|Any CPU.ActiveCfg = Debug|Any CPU
		{791275CB-68CE-4E3E-A11E-103E1B1072F3}.Debug|Any CPU.Build.0 = Debug|Any CPU
		{791275CB-68CE-4E3E-A11E-103E1B1072F3}.Release|Any CPU.ActiveCfg = Release|Any CPU
		{791275CB-68CE-4E3E-A11E-103E1B1072F3}.Release|Any CPU.Build.0 = Release|Any CPU
		{10C4201E-43AC-4358-B8A6-F744F9A63C3A}.Debug|Any CPU.ActiveCfg = Debug|Any CPU
		{10C4201E-43AC-4358-B8A6-F744F9A63C3A}.Debug|Any CPU.Build.0 = Debug|Any CPU
		{10C4201E-43AC-4358-B8A6-F744F9A63C3A}.Release|Any CPU.ActiveCfg = Release|Any CPU
		{10C4201E-43AC-4358-B8A6-F744F9A63C3A}.Release|Any CPU.Build.0 = Release|Any CPU
	EndGlobalSection
	GlobalSection(SolutionProperties) = preSolution
		HideSolutionNode = FALSE
	EndGlobalSection
	GlobalSection(NestedProjects) = preSolution
		{C3760EFD-8855-4676-9905-6712AC074446} = {0C167814-9ACD-452C-9983-C5E28C2102C1}
		{CA564FB1-2D27-43AC-9E5B-76CFB0FF0263} = {0C167814-9ACD-452C-9983-C5E28C2102C1}
		{A363F04C-7127-41ED-BCD4-E1FC8818D375} = {0C167814-9ACD-452C-9983-C5E28C2102C1}
		{314969BF-CC1F-4803-9C3D-395F7E61DB6C} = {0C167814-9ACD-452C-9983-C5E28C2102C1}
		{8CCF2EB6-6C93-44EE-BB68-F613622FACE7} = {B90288DC-B170-4FB4-81D0-F5DF85F6DF32}
		{9A8C7045-8FBD-4B70-A15E-7A408D73160F} = {B90288DC-B170-4FB4-81D0-F5DF85F6DF32}
		{91A7F17A-40C2-4C97-9D6A-DAD1B8ADBC35} = {B90288DC-B170-4FB4-81D0-F5DF85F6DF32}
		{BA7E523D-BE1C-4E43-A6A8-3108D178A7C0} = {E085A1AD-C558-4889-AFBB-8B0927AA29C2}
		{3AF4260F-A67F-45CC-83F2-EE800CCC4FA3} = {E085A1AD-C558-4889-AFBB-8B0927AA29C2}
		{1FCAC4C9-94C7-475C-BC79-7E1C9BEBB12F} = {E085A1AD-C558-4889-AFBB-8B0927AA29C2}
		{C8CE5866-CE3E-4BF2-9DDC-D10401D4173F} = {0B6CEB90-452C-48A9-8E44-3D754A10B198}
		{B36AF479-4B6B-4897-B0A0-02678CFB5D37} = {0B6CEB90-452C-48A9-8E44-3D754A10B198}
		{791275CB-68CE-4E3E-A11E-103E1B1072F3} = {EEAE4A2E-6B8B-4D6F-9D61-73E051ED4569}
		{10C4201E-43AC-4358-B8A6-F744F9A63C3A} = {EEAE4A2E-6B8B-4D6F-9D61-73E051ED4569}
	EndGlobalSection
	GlobalSection(ExtensibilityGlobals) = postSolution
		SolutionGuid = {87085C93-49F8-4836-92D5-181E77F6C29A}
	EndGlobalSection
EndGlobal
